
Microsoft Visual Studio Solution File, Format Version 12.00
# Visual Studio Version 17
VisualStudioVersion = 17.4.33205.214
MinimumVisualStudioVersion = 10.0.40219.1
Project("{FAE04EC0-301F-11D3-BF4B-00C04F79EFBC}") = "Arrays", "Arrays\Arrays.csproj", "{3D15965D-CD0C-4382-AFD1-96262D3803AA}"
EndProject
Global
	GlobalSection(SolutionConfigurationPlatforms) = preSolution
		Debug|Any CPU = Debug|Any CPU
		Release|Any CPU = Release|Any CPU
	EndGlobalSection
	GlobalSection(ProjectConfigurationPlatforms) = postSolution
		{3D15965D-CD0C-4382-AFD1-96262D3803AA}.Debug|Any CPU.ActiveCfg = Debug|Any CPU
		{3D15965D-CD0C-4382-AFD1-96262D3803AA}.Debug|Any CPU.Build.0 = Debug|Any CPU
		{3D15965D-CD0C-4382-AFD1-96262D3803AA}.Release|Any CPU.ActiveCfg = Release|Any CPU
		{3D15965D-CD0C-4382-AFD1-96262D3803AA}.Release|Any CPU.Build.0 = Release|Any CPU
	EndGlobalSection
	GlobalSection(SolutionProperties) = preSolution
		HideSolutionNode = FALSE
	EndGlobalSection
	GlobalSection(ExtensibilityGlobals) = postSolution
		SolutionGuid = {C5D4731D-DB8E-4624-9944-DE597D2D7F8A}
	EndGlobalSection
EndGlobal
