
Microsoft Visual Studio Solution File, Format Version 12.00
# Visual Studio Version 17
VisualStudioVersion = 17.4.33205.214
MinimumVisualStudioVersion = 10.0.40219.1
Project("{FAE04EC0-301F-11D3-BF4B-00C04F79EFBC}") = "Proyecto0005", "Proyecto0005\Proyecto0005.csproj", "{8F082FF4-F78B-4FC7-A78D-DD5B3678EE4D}"
EndProject
Global
	GlobalSection(SolutionConfigurationPlatforms) = preSolution
		Debug|Any CPU = Debug|Any CPU
		Release|Any CPU = Release|Any CPU
	EndGlobalSection
	GlobalSection(ProjectConfigurationPlatforms) = postSolution
		{8F082FF4-F78B-4FC7-A78D-DD5B3678EE4D}.Debug|Any CPU.ActiveCfg = Debug|Any CPU
		{8F082FF4-F78B-4FC7-A78D-DD5B3678EE4D}.Debug|Any CPU.Build.0 = Debug|Any CPU
		{8F082FF4-F78B-4FC7-A78D-DD5B3678EE4D}.Release|Any CPU.ActiveCfg = Release|Any CPU
		{8F082FF4-F78B-4FC7-A78D-DD5B3678EE4D}.Release|Any CPU.Build.0 = Release|Any CPU
	EndGlobalSection
	GlobalSection(SolutionProperties) = preSolution
		HideSolutionNode = FALSE
	EndGlobalSection
	GlobalSection(ExtensibilityGlobals) = postSolution
		SolutionGuid = {A3D29DC4-BCC1-427D-B382-F7C056C109B7}
	EndGlobalSection
EndGlobal
