
Microsoft Visual Studio Solution File, Format Version 12.00
# Visual Studio Version 17
VisualStudioVersion = 17.4.33205.214
MinimumVisualStudioVersion = 10.0.40219.1
Project("{00D1A9C2-B5F0-4AF3-8072-F6C62B433612}") = "Database1", "Database1\Database1.sqlproj", "{71D2C36E-4A39-448B-82F7-750D53CA750C}"
EndProject
Global
	GlobalSection(SolutionConfigurationPlatforms) = preSolution
		Debug|Any CPU = Debug|Any CPU
		Release|Any CPU = Release|Any CPU
	EndGlobalSection
	GlobalSection(ProjectConfigurationPlatforms) = postSolution
		{71D2C36E-4A39-448B-82F7-750D53CA750C}.Debug|Any CPU.ActiveCfg = Debug|Any CPU
		{71D2C36E-4A39-448B-82F7-750D53CA750C}.Debug|Any CPU.Build.0 = Debug|Any CPU
		{71D2C36E-4A39-448B-82F7-750D53CA750C}.Debug|Any CPU.Deploy.0 = Debug|Any CPU
		{71D2C36E-4A39-448B-82F7-750D53CA750C}.Release|Any CPU.ActiveCfg = Release|Any CPU
		{71D2C36E-4A39-448B-82F7-750D53CA750C}.Release|Any CPU.Build.0 = Release|Any CPU
		{71D2C36E-4A39-448B-82F7-750D53CA750C}.Release|Any CPU.Deploy.0 = Release|Any CPU
	EndGlobalSection
	GlobalSection(SolutionProperties) = preSolution
		HideSolutionNode = FALSE
	EndGlobalSection
	GlobalSection(ExtensibilityGlobals) = postSolution
		SolutionGuid = {A8E7161F-1A5F-4147-B338-1B677A2D9924}
	EndGlobalSection
EndGlobal
