
Microsoft Visual Studio Solution File, Format Version 12.00
# Visual Studio Version 17
VisualStudioVersion = 17.4.33205.214
MinimumVisualStudioVersion = 10.0.40219.1
Project("{FAE04EC0-301F-11D3-BF4B-00C04F79EFBC}") = "Proyecto0002", "Proyecto0002\Proyecto0002.csproj", "{C5A0C179-FD03-4FDA-9732-B9D6B334680C}"
EndProject
Global
	GlobalSection(SolutionConfigurationPlatforms) = preSolution
		Debug|Any CPU = Debug|Any CPU
		Release|Any CPU = Release|Any CPU
	EndGlobalSection
	GlobalSection(ProjectConfigurationPlatforms) = postSolution
		{C5A0C179-FD03-4FDA-9732-B9D6B334680C}.Debug|Any CPU.ActiveCfg = Debug|Any CPU
		{C5A0C179-FD03-4FDA-9732-B9D6B334680C}.Debug|Any CPU.Build.0 = Debug|Any CPU
		{C5A0C179-FD03-4FDA-9732-B9D6B334680C}.Release|Any CPU.ActiveCfg = Release|Any CPU
		{C5A0C179-FD03-4FDA-9732-B9D6B334680C}.Release|Any CPU.Build.0 = Release|Any CPU
	EndGlobalSection
	GlobalSection(SolutionProperties) = preSolution
		HideSolutionNode = FALSE
	EndGlobalSection
	GlobalSection(ExtensibilityGlobals) = postSolution
		SolutionGuid = {E3A9CE02-C80D-4821-819A-4834525BF5E8}
	EndGlobalSection
EndGlobal
