
Microsoft Visual Studio Solution File, Format Version 12.00
# Visual Studio Version 17
VisualStudioVersion = 17.4.33205.214
MinimumVisualStudioVersion = 10.0.40219.1
Project("{FAE04EC0-301F-11D3-BF4B-00C04F79EFBC}") = "Proyecto 8", "Proyecto 8\Proyecto 8.csproj", "{BF4D968B-AE80-44E9-A6EB-85C2D61C5597}"
EndProject
Global
	GlobalSection(SolutionConfigurationPlatforms) = preSolution
		Debug|Any CPU = Debug|Any CPU
		Release|Any CPU = Release|Any CPU
	EndGlobalSection
	GlobalSection(ProjectConfigurationPlatforms) = postSolution
		{BF4D968B-AE80-44E9-A6EB-85C2D61C5597}.Debug|Any CPU.ActiveCfg = Debug|Any CPU
		{BF4D968B-AE80-44E9-A6EB-85C2D61C5597}.Debug|Any CPU.Build.0 = Debug|Any CPU
		{BF4D968B-AE80-44E9-A6EB-85C2D61C5597}.Release|Any CPU.ActiveCfg = Release|Any CPU
		{BF4D968B-AE80-44E9-A6EB-85C2D61C5597}.Release|Any CPU.Build.0 = Release|Any CPU
	EndGlobalSection
	GlobalSection(SolutionProperties) = preSolution
		HideSolutionNode = FALSE
	EndGlobalSection
	GlobalSection(ExtensibilityGlobals) = postSolution
		SolutionGuid = {627022BD-E742-4C1C-9B42-5406315B617B}
	EndGlobalSection
EndGlobal
