
Microsoft Visual Studio Solution File, Format Version 12.00
# Visual Studio Version 17
VisualStudioVersion = 17.4.33205.214
MinimumVisualStudioVersion = 10.0.40219.1
Project("{FAE04EC0-301F-11D3-BF4B-00C04F79EFBC}") = "reordenararrays", "reordenararrays\reordenararrays.csproj", "{19BAC4E7-8554-427A-815B-7F0836DED923}"
EndProject
Global
	GlobalSection(SolutionConfigurationPlatforms) = preSolution
		Debug|Any CPU = Debug|Any CPU
		Release|Any CPU = Release|Any CPU
	EndGlobalSection
	GlobalSection(ProjectConfigurationPlatforms) = postSolution
		{19BAC4E7-8554-427A-815B-7F0836DED923}.Debug|Any CPU.ActiveCfg = Debug|Any CPU
		{19BAC4E7-8554-427A-815B-7F0836DED923}.Debug|Any CPU.Build.0 = Debug|Any CPU
		{19BAC4E7-8554-427A-815B-7F0836DED923}.Release|Any CPU.ActiveCfg = Release|Any CPU
		{19BAC4E7-8554-427A-815B-7F0836DED923}.Release|Any CPU.Build.0 = Release|Any CPU
	EndGlobalSection
	GlobalSection(SolutionProperties) = preSolution
		HideSolutionNode = FALSE
	EndGlobalSection
	GlobalSection(ExtensibilityGlobals) = postSolution
		SolutionGuid = {C8CB01AB-305D-4121-AABA-944AEB3628F1}
	EndGlobalSection
EndGlobal
