
Microsoft Visual Studio Solution File, Format Version 12.00
# Visual Studio Version 17
VisualStudioVersion = 17.4.33205.214
MinimumVisualStudioVersion = 10.0.40219.1
Project("{FAE04EC0-301F-11D3-BF4B-00C04F79EFBC}") = "Proyecto0015", "Proyecto0015\Proyecto0015.csproj", "{A122566F-09C1-4711-86D7-E317BB5D2378}"
EndProject
Global
	GlobalSection(SolutionConfigurationPlatforms) = preSolution
		Debug|Any CPU = Debug|Any CPU
		Release|Any CPU = Release|Any CPU
	EndGlobalSection
	GlobalSection(ProjectConfigurationPlatforms) = postSolution
		{A122566F-09C1-4711-86D7-E317BB5D2378}.Debug|Any CPU.ActiveCfg = Debug|Any CPU
		{A122566F-09C1-4711-86D7-E317BB5D2378}.Debug|Any CPU.Build.0 = Debug|Any CPU
		{A122566F-09C1-4711-86D7-E317BB5D2378}.Release|Any CPU.ActiveCfg = Release|Any CPU
		{A122566F-09C1-4711-86D7-E317BB5D2378}.Release|Any CPU.Build.0 = Release|Any CPU
	EndGlobalSection
	GlobalSection(SolutionProperties) = preSolution
		HideSolutionNode = FALSE
	EndGlobalSection
	GlobalSection(ExtensibilityGlobals) = postSolution
		SolutionGuid = {E721F964-FD55-42CC-952A-2338DFF0A7B1}
	EndGlobalSection
EndGlobal
