
Microsoft Visual Studio Solution File, Format Version 12.00
# Visual Studio Version 17
VisualStudioVersion = 17.4.33205.214
MinimumVisualStudioVersion = 10.0.40219.1
Project("{FAE04EC0-301F-11D3-BF4B-00C04F79EFBC}") = "Propyecto20", "Propyecto20\Propyecto20.csproj", "{441DDA88-DD50-46A4-8353-FE49BC226108}"
EndProject
Global
	GlobalSection(SolutionConfigurationPlatforms) = preSolution
		Debug|Any CPU = Debug|Any CPU
		Release|Any CPU = Release|Any CPU
	EndGlobalSection
	GlobalSection(ProjectConfigurationPlatforms) = postSolution
		{441DDA88-DD50-46A4-8353-FE49BC226108}.Debug|Any CPU.ActiveCfg = Debug|Any CPU
		{441DDA88-DD50-46A4-8353-FE49BC226108}.Debug|Any CPU.Build.0 = Debug|Any CPU
		{441DDA88-DD50-46A4-8353-FE49BC226108}.Release|Any CPU.ActiveCfg = Release|Any CPU
		{441DDA88-DD50-46A4-8353-FE49BC226108}.Release|Any CPU.Build.0 = Release|Any CPU
	EndGlobalSection
	GlobalSection(SolutionProperties) = preSolution
		HideSolutionNode = FALSE
	EndGlobalSection
	GlobalSection(ExtensibilityGlobals) = postSolution
		SolutionGuid = {245215DA-4C5D-4402-8518-DCCA3B783776}
	EndGlobalSection
EndGlobal
