
Microsoft Visual Studio Solution File, Format Version 12.00
# Visual Studio Version 17
VisualStudioVersion = 17.4.33205.214
MinimumVisualStudioVersion = 10.0.40219.1
Project("{FAE04EC0-301F-11D3-BF4B-00C04F79EFBC}") = "metodos", "metodos\metodos.csproj", "{280FFDE3-3761-4DC6-AC0F-272DE1C74A99}"
EndProject
Global
	GlobalSection(SolutionConfigurationPlatforms) = preSolution
		Debug|Any CPU = Debug|Any CPU
		Release|Any CPU = Release|Any CPU
	EndGlobalSection
	GlobalSection(ProjectConfigurationPlatforms) = postSolution
		{280FFDE3-3761-4DC6-AC0F-272DE1C74A99}.Debug|Any CPU.ActiveCfg = Debug|Any CPU
		{280FFDE3-3761-4DC6-AC0F-272DE1C74A99}.Debug|Any CPU.Build.0 = Debug|Any CPU
		{280FFDE3-3761-4DC6-AC0F-272DE1C74A99}.Release|Any CPU.ActiveCfg = Release|Any CPU
		{280FFDE3-3761-4DC6-AC0F-272DE1C74A99}.Release|Any CPU.Build.0 = Release|Any CPU
	EndGlobalSection
	GlobalSection(SolutionProperties) = preSolution
		HideSolutionNode = FALSE
	EndGlobalSection
	GlobalSection(ExtensibilityGlobals) = postSolution
		SolutionGuid = {4538668B-E7C2-48F2-95C2-750B6811E889}
	EndGlobalSection
EndGlobal
