
Microsoft Visual Studio Solution File, Format Version 12.00
# Visual Studio Version 17
VisualStudioVersion = 17.4.33205.214
MinimumVisualStudioVersion = 10.0.40219.1
Project("{FAE04EC0-301F-11D3-BF4B-00C04F79EFBC}") = "Proyecto0002.1", "Proyecto0002.1\Proyecto0002.1.csproj", "{F70668C7-2BFA-40A6-A7FC-FC130E895575}"
EndProject
Global
	GlobalSection(SolutionConfigurationPlatforms) = preSolution
		Debug|Any CPU = Debug|Any CPU
		Release|Any CPU = Release|Any CPU
	EndGlobalSection
	GlobalSection(ProjectConfigurationPlatforms) = postSolution
		{F70668C7-2BFA-40A6-A7FC-FC130E895575}.Debug|Any CPU.ActiveCfg = Debug|Any CPU
		{F70668C7-2BFA-40A6-A7FC-FC130E895575}.Debug|Any CPU.Build.0 = Debug|Any CPU
		{F70668C7-2BFA-40A6-A7FC-FC130E895575}.Release|Any CPU.ActiveCfg = Release|Any CPU
		{F70668C7-2BFA-40A6-A7FC-FC130E895575}.Release|Any CPU.Build.0 = Release|Any CPU
	EndGlobalSection
	GlobalSection(SolutionProperties) = preSolution
		HideSolutionNode = FALSE
	EndGlobalSection
	GlobalSection(ExtensibilityGlobals) = postSolution
		SolutionGuid = {B17DD20F-6899-443A-9A1B-EB6A3ECFE09B}
	EndGlobalSection
EndGlobal
